
Microsoft Visual Studio Solution File, Format Version 12.00
# Visual Studio Version 17
VisualStudioVersion = 17.5.002.0
MinimumVisualStudioVersion = 10.0.40219.1
Project("{9A19103F-16F7-4668-BE54-9A1E7A4F7556}") = "webapi", "webapi\webapi.csproj", "{AEA89F7B-8437-4747-AD93-7618A1D2D16A}"
EndProject
Project("{9A19103F-16F7-4668-BE54-9A1E7A4F7556}") = "webapp", "webapp\webapp.csproj", "{496EED7E-FC6B-4CC7-B52F-E3140A9A256B}"
EndProject
Global
	GlobalSection(SolutionConfigurationPlatforms) = preSolution
		Debug|Any CPU = Debug|Any CPU
		Release|Any CPU = Release|Any CPU
	EndGlobalSection
	GlobalSection(ProjectConfigurationPlatforms) = postSolution
		{AEA89F7B-8437-4747-AD93-7618A1D2D16A}.Debug|Any CPU.ActiveCfg = Debug|Any CPU
		{AEA89F7B-8437-4747-AD93-7618A1D2D16A}.Debug|Any CPU.Build.0 = Debug|Any CPU
		{AEA89F7B-8437-4747-AD93-7618A1D2D16A}.Release|Any CPU.ActiveCfg = Release|Any CPU
		{AEA89F7B-8437-4747-AD93-7618A1D2D16A}.Release|Any CPU.Build.0 = Release|Any CPU
		{496EED7E-FC6B-4CC7-B52F-E3140A9A256B}.Debug|Any CPU.ActiveCfg = Debug|Any CPU
		{496EED7E-FC6B-4CC7-B52F-E3140A9A256B}.Debug|Any CPU.Build.0 = Debug|Any CPU
		{496EED7E-FC6B-4CC7-B52F-E3140A9A256B}.Release|Any CPU.ActiveCfg = Release|Any CPU
		{496EED7E-FC6B-4CC7-B52F-E3140A9A256B}.Release|Any CPU.Build.0 = Release|Any CPU
	EndGlobalSection
	GlobalSection(SolutionProperties) = preSolution
		HideSolutionNode = FALSE
	EndGlobalSection
	GlobalSection(ExtensibilityGlobals) = postSolution
		SolutionGuid = {BB6C7AD6-87D4-43B7-B24C-450F05E76D35}
	EndGlobalSection
EndGlobal
